
Microsoft Visual Studio Solution File, Format Version 12.00
# Visual Studio Version 16
VisualStudioVersion = 16.0.29215.179
MinimumVisualStudioVersion = 10.0.40219.1
Project("{FAE04EC0-301F-11D3-BF4B-00C04F79EFBC}") = "GameMapTool", "GameMapTool\GameMapTool.csproj", "{95589E95-F1BC-4E35-BE87-E247660A4BDD}"
EndProject
Global
	GlobalSection(SolutionConfigurationPlatforms) = preSolution
		Debug|Any CPU = Debug|Any CPU
		Release|Any CPU = Release|Any CPU
	EndGlobalSection
	GlobalSection(ProjectConfigurationPlatforms) = postSolution
		{95589E95-F1BC-4E35-BE87-E247660A4BDD}.Debug|Any CPU.ActiveCfg = Debug|Any CPU
		{95589E95-F1BC-4E35-BE87-E247660A4BDD}.Debug|Any CPU.Build.0 = Debug|Any CPU
		{95589E95-F1BC-4E35-BE87-E247660A4BDD}.Release|Any CPU.ActiveCfg = Release|Any CPU
		{95589E95-F1BC-4E35-BE87-E247660A4BDD}.Release|Any CPU.Build.0 = Release|Any CPU
	EndGlobalSection
	GlobalSection(SolutionProperties) = preSolution
		HideSolutionNode = FALSE
	EndGlobalSection
	GlobalSection(ExtensibilityGlobals) = postSolution
		SolutionGuid = {ACDBC849-0048-4455-A225-FCEDFD44F914}
	EndGlobalSection
EndGlobal
